// !$*UTF8*$!
{
	archiveVersion = 1;
	classes = {
	};
	objectVersion = 46;
	objects = {

/* Begin PBXBuildFile section */
		A18489B81C8E76D60063D7B1 /* main.m in Sources */ = {isa = PBXBuildFile; fileRef = A18489B71C8E76D60063D7B1 /* main.m */; };
		A18489BB1C8E76D60063D7B1 /* AppDelegate.m in Sources */ = {isa = PBXBuildFile; fileRef = A18489BA1C8E76D60063D7B1 /* AppDelegate.m */; };
		A18489BE1C8E76D60063D7B1 /* ViewController.m in Sources */ = {isa = PBXBuildFile; fileRef = A18489BD1C8E76D60063D7B1 /* ViewController.m */; };
		A18489C11C8E76D60063D7B1 /* Main.storyboard in Resources */ = {isa = PBXBuildFile; fileRef = A18489BF1C8E76D60063D7B1 /* Main.storyboard */; };
		A18489C31C8E76D60063D7B1 /* Assets.xcassets in Resources */ = {isa = PBXBuildFile; fileRef = A18489C21C8E76D60063D7B1 /* Assets.xcassets */; };
		A18489C61C8E76D60063D7B1 /* LaunchScreen.storyboard in Resources */ = {isa = PBXBuildFile; fileRef = A18489C41C8E76D60063D7B1 /* LaunchScreen.storyboard */; };
		A18489CF1C8E79A50063D7B1 /* SecondController.m in Sources */ = {isa = PBXBuildFile; fileRef = A18489CE1C8E79A50063D7B1 /* SecondController.m */; };
/* End PBXBuildFile section */

/* Begin PBXFileReference section */
		A18489B31C8E76D60063D7B1 /* RunTimeMsg.app */ = {isa = PBXFileReference; explicitFileType = wrapper.application; includeInIndex = 0; path = RunTimeMsg.app; sourceTree = BUILT_PRODUCTS_DIR; };
		A18489B71C8E76D60063D7B1 /* main.m */ = {isa = PBXFileReference; lastKnownFileType = sourcecode.c.objc; path = main.m; sourceTree = "<group>"; };
		A18489B91C8E76D60063D7B1 /* AppDelegate.h */ = {isa = PBXFileReference; lastKnownFileType = sourcecode.c.h; path = AppDelegate.h; sourceTree = "<group>"; };
		A18489BA1C8E76D60063D7B1 /* AppDelegate.m */ = {isa = PBXFileReference; lastKnownFileType = sourcecode.c.objc; path = AppDelegate.m; sourceTree = "<group>"; };
		A18489BC1C8E76D60063D7B1 /* ViewController.h */ = {isa = PBXFileReference; lastKnownFileType = sourcecode.c.h; path = ViewController.h; sourceTree = "<group>"; };
		A18489BD1C8E76D60063D7B1 /* ViewController.m */ = {isa = PBXFileReference; lastKnownFileType = sourcecode.c.objc; path = ViewController.m; sourceTree = "<group>"; };
		A18489C01C8E76D60063D7B1 /* Base */ = {isa = PBXFileReference; lastKnownFileType = file.storyboard; name = Base; path = Base.lproj/Main.storyboard; sourceTree = "<group>"; };
		A18489C21C8E76D60063D7B1 /* Assets.xcassets */ = {isa = PBXFileReference; lastKnownFileType = folder.assetcatalog; path = Assets.xcassets; sourceTree = "<group>"; };
		A18489C51C8E76D60063D7B1 /* Base */ = {isa = PBXFileReference; lastKnownFileType = file.storyboard; name = Base; path = Base.lproj/LaunchScreen.storyboard; sourceTree = "<group>"; };
		A18489C71C8E76D60063D7B1 /* Info.plist */ = {isa = PBXFileReference; lastKnownFileType = text.plist.xml; path = Info.plist; sourceTree = "<group>"; };
		A18489CD1C8E79A50063D7B1 /* SecondController.h */ = {isa = PBXFileReference; fileEncoding = 4; lastKnownFileType = sourcecode.c.h; path = SecondController.h; sourceTree = "<group>"; };
		A18489CE1C8E79A50063D7B1 /* SecondController.m */ = {isa = PBXFileReference; fileEncoding = 4; lastKnownFileType = sourcecode.c.objc; path = SecondController.m; sourceTree = "<group>"; };
/* End PBXFileReference section */

/* Begin PBXFrameworksBuildPhase section */
		A18489B01C8E76D60063D7B1 /* Frameworks */ = {
			isa = PBXFrameworksBuildPhase;
			buildActionMask = 2147483647;
			files = (
			);
			runOnlyForDeploymentPostprocessing = 0;
		};
/* End PBXFrameworksBuildPhase section */

/* Begin PBXGroup section */
		A18489AA1C8E76D60063D7B1 = {
			isa = PBXGroup;
			children = (
				A18489B51C8E76D60063D7B1 /* RunTimeMsg */,
				A18489B41C8E76D60063D7B1 /* Products */,
			);
			sourceTree = "<group>";
		};
		A18489B41C8E76D60063D7B1 /* Products */ = {
			isa = PBXGroup;
			children = (
				A18489B31C8E76D60063D7B1 /* RunTimeMsg.app */,
			);
			name = Products;
			sourceTree = "<group>";
		};
		A18489B51C8E76D60063D7B1 /* RunTimeMsg */ = {
			isa = PBXGroup;
			children = (
				A18489B91C8E76D60063D7B1 /* AppDelegate.h */,
				A18489BA1C8E76D60063D7B1 /* AppDelegate.m */,
				A18489BC1C8E76D60063D7B1 /* ViewController.h */,
				A18489BD1C8E76D60063D7B1 /* ViewController.m */,
				A18489CD1C8E79A50063D7B1 /* SecondController.h */,
				A18489CE1C8E79A50063D7B1 /* SecondController.m */,
				A18489BF1C8E76D60063D7B1 /* Main.storyboard */,
				A18489C21C8E76D60063D7B1 /* Assets.xcassets */,
				A18489C41C8E76D60063D7B1 /* LaunchScreen.storyboard */,
				A18489C71C8E76D60063D7B1 /* Info.plist */,
				A18489B61C8E76D60063D7B1 /* Supporting Files */,
			);
			path = RunTimeMsg;
			sourceTree = "<group>";
		};
		A18489B61C8E76D60063D7B1 /* Supporting Files */ = {
			isa = PBXGroup;
			children = (
				A18489B71C8E76D60063D7B1 /* main.m */,
			);
			name = "Supporting Files";
			sourceTree = "<group>";
		};
/* End PBXGroup section */

/* Begin PBXNativeTarget section */
		A18489B21C8E76D60063D7B1 /* RunTimeMsg */ = {
			isa = PBXNativeTarget;
			buildConfigurationList = A18489CA1C8E76D60063D7B1 /* Build configuration list for PBXNativeTarget "RunTimeMsg" */;
			buildPhases = (
				A18489AF1C8E76D60063D7B1 /* Sources */,
				A18489B01C8E76D60063D7B1 /* Frameworks */,
				A18489B11C8E76D60063D7B1 /* Resources */,
			);
			buildRules = (
			);
			dependencies = (
			);
			name = RunTimeMsg;
			productName = RunTimeMsg;
			productReference = A18489B31C8E76D60063D7B1 /* RunTimeMsg.app */;
			productType = "com.apple.product-type.application";
		};
/* End PBXNativeTarget section */

/* Begin PBXProject section */
		A18489AB1C8E76D60063D7B1 /* Project object */ = {
			isa = PBXProject;
			attributes = {
				LastUpgradeCheck = 0720;
				ORGANIZATIONNAME = Yuns;
				TargetAttributes = {
					A18489B21C8E76D60063D7B1 = {
						CreatedOnToolsVersion = 7.2.1;
					};
				};
			};
			buildConfigurationList = A18489AE1C8E76D60063D7B1 /* Build configuration list for PBXProject "RunTimeMsg" */;
			compatibilityVersion = "Xcode 3.2";
			developmentRegion = English;
			hasScannedForEncodings = 0;
			knownRegions = (
				en,
				Base,
			);
			mainGroup = A18489AA1C8E76D60063D7B1;
			productRefGroup = A18489B41C8E76D60063D7B1 /* Products */;
			projectDirPath = "";
			projectRoot = "";
			targets = (
				A18489B21C8E76D60063D7B1 /* RunTimeMsg */,
			);
		};
/* End PBXProject section */

/* Begin PBXResourcesBuildPhase section */
		A18489B11C8E76D60063D7B1 /* Resources */ = {
			isa = PBXResourcesBuildPhase;
			buildActionMask = 2147483647;
			files = (
				A18489C61C8E76D60063D7B1 /* LaunchScreen.storyboard in Resources */,
				A18489C31C8E76D60063D7B1 /* Assets.xcassets in Resources */,
				A18489C11C8E76D60063D7B1 /* Main.storyboard in Resources */,
			);
			runOnlyForDeploymentPostprocessing = 0;
		};
/* End PBXResourcesBuildPhase section */

/* Begin PBXSourcesBuildPhase section */
		A18489AF1C8E76D60063D7B1 /* Sources */ = {
			isa = PBXSourcesBuildPhase;
			buildActionMask = 2147483647;
			files = (
				A18489BE1C8E76D60063D7B1 /* ViewController.m in Sources */,
				A18489CF1C8E79A50063D7B1 /* SecondController.m in Sources */,
				A18489BB1C8E76D60063D7B1 /* AppDelegate.m in Sources */,
				A18489B81C8E76D60063D7B1 /* main.m in Sources */,
			);
			runOnlyForDeploymentPostprocessing = 0;
		};
/* End PBXSourcesBuildPhase section */

/* Begin PBXVariantGroup section */
		A18489BF1C8E76D60063D7B1 /* Main.storyboard */ = {
			isa = PBXVariantGroup;
			children = (
				A18489C01C8E76D60063D7B1 /* Base */,
			);
			name = Main.storyboard;
			sourceTree = "<group>";
		};
		A18489C41C8E76D60063D7B1 /* LaunchScreen.storyboard */ = {
			isa = PBXVariantGroup;
			children = (
				A18489C51C8E76D60063D7B1 /* Base */,
			);
			name = LaunchScreen.storyboard;
			sourceTree = "<group>";
		};
/* End PBXVariantGroup section */

/* Begin XCBuildConfiguration section */
		A18489C81C8E76D60063D7B1 /* Debug */ = {
			isa = XCBuildConfiguration;
			buildSettings = {
				ALWAYS_SEARCH_USER_PATHS = NO;
				CLANG_CXX_LANGUAGE_STANDARD = "gnu++0x";
				CLANG_CXX_LIBRARY = "libc++";
				CLANG_ENABLE_MODULES = YES;
				CLANG_ENABLE_OBJC_ARC = YES;
				CLANG_WARN_BOOL_CONVERSION = YES;
				CLANG_WARN_CONSTANT_CONVERSION = YES;
				CLANG_WARN_DIRECT_OBJC_ISA_USAGE = YES_ERROR;
				CLANG_WARN_EMPTY_BODY = YES;
				CLANG_WARN_ENUM_CONVERSION = YES;
				CLANG_WARN_INT_CONVERSION = YES;
				CLANG_WARN_OBJC_ROOT_CLASS = YES_ERROR;
				CLANG_WARN_UNREACHABLE_CODE = YES;
				CLANG_WARN__DUPLICATE_METHOD_MATCH = YES;
				"CODE_SIGN_IDENTITY[sdk=iphoneos*]" = "iPhone Developer";
				COPY_PHASE_STRIP = NO;
				DEBUG_INFORMATION_FORMAT = dwarf;
				ENABLE_STRICT_OBJC_MSGSEND = YES;
				ENABLE_TESTABILITY = YES;
				GCC_C_LANGUAGE_STANDARD = gnu99;
				GCC_DYNAMIC_NO_PIC = NO;
				GCC_NO_COMMON_BLOCKS = YES;
				GCC_OPTIMIZATION_LEVEL = 0;
				GCC_PREPROCESSOR_DEFINITIONS = (
					"DEBUG=1",
					"$(inherited)",
				);
				GCC_WARN_64_TO_32_BIT_CONVERSION = YES;
				GCC_WARN_ABOUT_RETURN_TYPE = YES_ERROR;
				GCC_WARN_UNDECLARED_SELECTOR = YES;
				GCC_WARN_UNINITIALIZED_AUTOS = YES_AGGRESSIVE;
				GCC_WARN_UNUSED_FUNCTION = YES;
				GCC_WARN_UNUSED_VARIABLE = YES;
				IPHONEOS_DEPLOYMENT_TARGET = 9.2;
				MTL_ENABLE_DEBUG_INFO = YES;
				ONLY_ACTIVE_ARCH = YES;
				SDKROOT = iphoneos;
			};
			name = Debug;
		};
		A18489C91C8E76D60063D7B1 /* Release */ = {
			isa = XCBuildConfiguration;
			buildSettings = {
				ALWAYS_SEARCH_USER_PATHS = NO;
				CLANG_CXX_LANGUAGE_STANDARD = "gnu++0x";
				CLANG_CXX_LIBRARY = "libc++";
				CLANG_ENABLE_MODULES = YES;
				CLANG_ENABLE_OBJC_ARC = YES;
				CLANG_WARN_BOOL_CONVERSION = YES;
				CLANG_WARN_CONSTANT_CONVERSION = YES;
				CLANG_WARN_DIRECT_OBJC_ISA_USAGE = YES_ERROR;
				CLANG_WARN_EMPTY_BODY = YES;
				CLANG_WARN_ENUM_CONVERSION = YES;
				CLANG_WARN_INT_CONVERSION = YES;
				CLANG_WARN_OBJC_ROOT_CLASS = YES_ERROR;
				CLANG_WARN_UNREACHABLE_CODE = YES;
				CLANG_WARN__DUPLICATE_METHOD_MATCH = YES;
				"CODE_SIGN_IDENTITY[sdk=iphoneos*]" = "iPhone Developer";
				COPY_PHASE_STRIP = NO;
				DEBUG_INFORMATION_FORMAT = "dwarf-with-dsym";
				ENABLE_NS_ASSERTIONS = NO;
				ENABLE_STRICT_OBJC_MSGSEND = YES;
				GCC_C_LANGUAGE_STANDARD = gnu99;
				GCC_NO_COMMON_BLOCKS = YES;
				GCC_WARN_64_TO_32_BIT_CONVERSION = YES;
				GCC_WARN_ABOUT_RETURN_TYPE = YES_ERROR;
				GCC_WARN_UNDECLARED_SELECTOR = YES;
				GCC_WARN_UNINITIALIZED_AUTOS = YES_AGGRESSIVE;
				GCC_WARN_UNUSED_FUNCTION = YES;
				GCC_WARN_UNUSED_VARIABLE = YES;
				IPHONEOS_DEPLOYMENT_TARGET = 9.2;
				MTL_ENABLE_DEBUG_INFO = NO;
				SDKROOT = iphoneos;
				VALIDATE_PRODUCT = YES;
			};
			name = Release;
		};
		A18489CB1C8E76D60063D7B1 /* Debug */ = {
			isa = XCBuildConfiguration;
			buildSettings = {
				ASSETCATALOG_COMPILER_APPICON_NAME = AppIcon;
				INFOPLIST_FILE = RunTimeMsg/Info.plist;
				LD_RUNPATH_SEARCH_PATHS = "$(inherited) @executable_path/Frameworks";
				PRODUCT_BUNDLE_IDENTIFIER = com.Yuns.RunTimeMsg;
				PRODUCT_NAME = "$(TARGET_NAME)";
			};
			name = Debug;
		};
		A18489CC1C8E76D60063D7B1 /* Release */ = {
			isa = XCBuildConfiguration;
			buildSettings = {
				ASSETCATALOG_COMPILER_APPICON_NAME = AppIcon;
				INFOPLIST_FILE = RunTimeMsg/Info.plist;
				LD_RUNPATH_SEARCH_PATHS = "$(inherited) @executable_path/Frameworks";
				PRODUCT_BUNDLE_IDENTIFIER = com.Yuns.RunTimeMsg;
				PRODUCT_NAME = "$(TARGET_NAME)";
			};
			name = Release;
		};
/* End XCBuildConfiguration section */

/* Begin XCConfigurationList section */
		A18489AE1C8E76D60063D7B1 /* Build configuration list for PBXProject "RunTimeMsg" */ = {
			isa = XCConfigurationList;
			buildConfigurations = (
				A18489C81C8E76D60063D7B1 /* Debug */,
				A18489C91C8E76D60063D7B1 /* Release */,
			);
			defaultConfigurationIsVisible = 0;
			defaultConfigurationName = Release;
		};
		A18489CA1C8E76D60063D7B1 /* Build configuration list for PBXNativeTarget "RunTimeMsg" */ = {
			isa = XCConfigurationList;
			buildConfigurations = (
				A18489CB1C8E76D60063D7B1 /* Debug */,
				A18489CC1C8E76D60063D7B1 /* Release */,
			);
			defaultConfigurationIsVisible = 0;
		};
/* End XCConfigurationList section */
	};
	rootObject = A18489AB1C8E76D60063D7B1 /* Project object */;
}
