// !$*UTF8*$!
{
	archiveVersion = 1;
	classes = {
	};
	objectVersion = 46;
	objects = {

/* Begin PBXBuildFile section */
		A1BF60221DF4FEB300F8CCD8 /* main.m in Sources */ = {isa = PBXBuildFile; fileRef = A1BF60211DF4FEB300F8CCD8 /* main.m */; };
		A1BF60251DF4FEB300F8CCD8 /* AppDelegate.m in Sources */ = {isa = PBXBuildFile; fileRef = A1BF60241DF4FEB300F8CCD8 /* AppDelegate.m */; };
		A1BF60281DF4FEB300F8CCD8 /* ViewController.m in Sources */ = {isa = PBXBuildFile; fileRef = A1BF60271DF4FEB300F8CCD8 /* ViewController.m */; };
		A1BF602B1DF4FEB300F8CCD8 /* Main.storyboard in Resources */ = {isa = PBXBuildFile; fileRef = A1BF60291DF4FEB300F8CCD8 /* Main.storyboard */; };
		A1BF602D1DF4FEB300F8CCD8 /* Assets.xcassets in Resources */ = {isa = PBXBuildFile; fileRef = A1BF602C1DF4FEB300F8CCD8 /* Assets.xcassets */; };
		A1BF60301DF4FEB300F8CCD8 /* LaunchScreen.storyboard in Resources */ = {isa = PBXBuildFile; fileRef = A1BF602E1DF4FEB300F8CCD8 /* LaunchScreen.storyboard */; };
		A1BF60441DF505CE00F8CCD8 /* Calculator.m in Sources */ = {isa = PBXBuildFile; fileRef = A1BF60431DF505CE00F8CCD8 /* Calculator.m */; };
		A1BF60471DF51A5000F8CCD8 /* Person.m in Sources */ = {isa = PBXBuildFile; fileRef = A1BF60461DF51A5000F8CCD8 /* Person.m */; };
		A1BF604B1DF53FF200F8CCD8 /* ResponseModel.m in Sources */ = {isa = PBXBuildFile; fileRef = A1BF604A1DF53FF200F8CCD8 /* ResponseModel.m */; };
		A1EA93F21E97C623000DCBCE /* Robot.m in Sources */ = {isa = PBXBuildFile; fileRef = A1EA93F11E97C623000DCBCE /* Robot.m */; };
		A7455E901E1012F200C1E268 /* Animal.m in Sources */ = {isa = PBXBuildFile; fileRef = A7455E8F1E1012F200C1E268 /* Animal.m */; };
		A7455E951E1014E400C1E268 /* BlockAndCFunc.m in Sources */ = {isa = PBXBuildFile; fileRef = A7455E941E1014E400C1E268 /* BlockAndCFunc.m */; };
/* End PBXBuildFile section */

/* Begin PBXFileReference section */
		A1BF601D1DF4FEB300F8CCD8 /* EX-RAC-DEMO.app */ = {isa = PBXFileReference; explicitFileType = wrapper.application; includeInIndex = 0; path = "EX-RAC-DEMO.app"; sourceTree = BUILT_PRODUCTS_DIR; };
		A1BF60211DF4FEB300F8CCD8 /* main.m */ = {isa = PBXFileReference; lastKnownFileType = sourcecode.c.objc; path = main.m; sourceTree = "<group>"; };
		A1BF60231DF4FEB300F8CCD8 /* AppDelegate.h */ = {isa = PBXFileReference; lastKnownFileType = sourcecode.c.h; path = AppDelegate.h; sourceTree = "<group>"; };
		A1BF60241DF4FEB300F8CCD8 /* AppDelegate.m */ = {isa = PBXFileReference; lastKnownFileType = sourcecode.c.objc; path = AppDelegate.m; sourceTree = "<group>"; };
		A1BF60261DF4FEB300F8CCD8 /* ViewController.h */ = {isa = PBXFileReference; lastKnownFileType = sourcecode.c.h; path = ViewController.h; sourceTree = "<group>"; };
		A1BF60271DF4FEB300F8CCD8 /* ViewController.m */ = {isa = PBXFileReference; lastKnownFileType = sourcecode.c.objc; path = ViewController.m; sourceTree = "<group>"; };
		A1BF602A1DF4FEB300F8CCD8 /* Base */ = {isa = PBXFileReference; lastKnownFileType = file.storyboard; name = Base; path = Base.lproj/Main.storyboard; sourceTree = "<group>"; };
		A1BF602C1DF4FEB300F8CCD8 /* Assets.xcassets */ = {isa = PBXFileReference; lastKnownFileType = folder.assetcatalog; path = Assets.xcassets; sourceTree = "<group>"; };
		A1BF602F1DF4FEB300F8CCD8 /* Base */ = {isa = PBXFileReference; lastKnownFileType = file.storyboard; name = Base; path = Base.lproj/LaunchScreen.storyboard; sourceTree = "<group>"; };
		A1BF60311DF4FEB300F8CCD8 /* Info.plist */ = {isa = PBXFileReference; lastKnownFileType = text.plist.xml; path = Info.plist; sourceTree = "<group>"; };
		A1BF60421DF505CE00F8CCD8 /* Calculator.h */ = {isa = PBXFileReference; fileEncoding = 4; lastKnownFileType = sourcecode.c.h; name = Calculator.h; path = "函数式编程/Calculator.h"; sourceTree = "<group>"; };
		A1BF60431DF505CE00F8CCD8 /* Calculator.m */ = {isa = PBXFileReference; fileEncoding = 4; lastKnownFileType = sourcecode.c.objc; name = Calculator.m; path = "函数式编程/Calculator.m"; sourceTree = "<group>"; };
		A1BF60451DF51A5000F8CCD8 /* Person.h */ = {isa = PBXFileReference; fileEncoding = 4; lastKnownFileType = sourcecode.c.h; name = Person.h; path = "链式编程/Person.h"; sourceTree = "<group>"; };
		A1BF60461DF51A5000F8CCD8 /* Person.m */ = {isa = PBXFileReference; fileEncoding = 4; lastKnownFileType = sourcecode.c.objc; name = Person.m; path = "链式编程/Person.m"; sourceTree = "<group>"; };
		A1BF60491DF53FF200F8CCD8 /* ResponseModel.h */ = {isa = PBXFileReference; fileEncoding = 4; lastKnownFileType = sourcecode.c.h; name = ResponseModel.h; path = "响应式编程/ResponseModel.h"; sourceTree = "<group>"; };
		A1BF604A1DF53FF200F8CCD8 /* ResponseModel.m */ = {isa = PBXFileReference; fileEncoding = 4; lastKnownFileType = sourcecode.c.objc; name = ResponseModel.m; path = "响应式编程/ResponseModel.m"; sourceTree = "<group>"; };
		A1EA93F01E97C623000DCBCE /* Robot.h */ = {isa = PBXFileReference; fileEncoding = 4; lastKnownFileType = sourcecode.c.h; path = Robot.h; sourceTree = "<group>"; };
		A1EA93F11E97C623000DCBCE /* Robot.m */ = {isa = PBXFileReference; fileEncoding = 4; lastKnownFileType = sourcecode.c.objc; path = Robot.m; sourceTree = "<group>"; };
		A7455E8E1E1012F200C1E268 /* Animal.h */ = {isa = PBXFileReference; fileEncoding = 4; lastKnownFileType = sourcecode.c.h; name = Animal.h; path = "函数式到链式/Animal.h"; sourceTree = "<group>"; };
		A7455E8F1E1012F200C1E268 /* Animal.m */ = {isa = PBXFileReference; fileEncoding = 4; lastKnownFileType = sourcecode.c.objc; name = Animal.m; path = "函数式到链式/Animal.m"; sourceTree = "<group>"; };
		A7455E931E1014E400C1E268 /* BlockAndCFunc.h */ = {isa = PBXFileReference; fileEncoding = 4; lastKnownFileType = sourcecode.c.h; name = BlockAndCFunc.h; path = "block和C函数/BlockAndCFunc.h"; sourceTree = "<group>"; };
		A7455E941E1014E400C1E268 /* BlockAndCFunc.m */ = {isa = PBXFileReference; fileEncoding = 4; lastKnownFileType = sourcecode.c.objc; name = BlockAndCFunc.m; path = "block和C函数/BlockAndCFunc.m"; sourceTree = "<group>"; };
/* End PBXFileReference section */

/* Begin PBXFrameworksBuildPhase section */
		A1BF601A1DF4FEB200F8CCD8 /* Frameworks */ = {
			isa = PBXFrameworksBuildPhase;
			buildActionMask = 2147483647;
			files = (
			);
			runOnlyForDeploymentPostprocessing = 0;
		};
/* End PBXFrameworksBuildPhase section */

/* Begin PBXGroup section */
		A1BF60141DF4FEB200F8CCD8 = {
			isa = PBXGroup;
			children = (
				A1BF601F1DF4FEB300F8CCD8 /* EX-RAC-DEMO */,
				A1BF601E1DF4FEB300F8CCD8 /* Products */,
			);
			sourceTree = "<group>";
		};
		A1BF601E1DF4FEB300F8CCD8 /* Products */ = {
			isa = PBXGroup;
			children = (
				A1BF601D1DF4FEB300F8CCD8 /* EX-RAC-DEMO.app */,
			);
			name = Products;
			sourceTree = "<group>";
		};
		A1BF601F1DF4FEB300F8CCD8 /* EX-RAC-DEMO */ = {
			isa = PBXGroup;
			children = (
				A1BF60231DF4FEB300F8CCD8 /* AppDelegate.h */,
				A1BF60241DF4FEB300F8CCD8 /* AppDelegate.m */,
				A1BF60261DF4FEB300F8CCD8 /* ViewController.h */,
				A1BF60271DF4FEB300F8CCD8 /* ViewController.m */,
				A7455E921E1014AD00C1E268 /* block和C函数 */,
				A7455E931E1014E400C1E268 /* BlockAndCFunc.h */,
				A7455E941E1014E400C1E268 /* BlockAndCFunc.m */,
				A7455E8D1E1012F200C1E268 /* 函数式到链式 */,
				A7455E8E1E1012F200C1E268 /* Animal.h */,
				A7455E8F1E1012F200C1E268 /* Animal.m */,
				A1BF60381DF4FF5000F8CCD8 /* 函数式编程 */,
				A1BF60421DF505CE00F8CCD8 /* Calculator.h */,
				A1BF60431DF505CE00F8CCD8 /* Calculator.m */,
				A1BF60371DF4FF5000F8CCD8 /* 链式编程 */,
				A1BF60451DF51A5000F8CCD8 /* Person.h */,
				A1BF60461DF51A5000F8CCD8 /* Person.m */,
				A1BF60481DF53E1300F8CCD8 /* 响应式编程 */,
				A1BF60491DF53FF200F8CCD8 /* ResponseModel.h */,
				A1BF604A1DF53FF200F8CCD8 /* ResponseModel.m */,
				A1EA93EF1E97C610000DCBCE /* 函数式和链式 */,
				A1BF60291DF4FEB300F8CCD8 /* Main.storyboard */,
				A1BF602C1DF4FEB300F8CCD8 /* Assets.xcassets */,
				A1BF602E1DF4FEB300F8CCD8 /* LaunchScreen.storyboard */,
				A1BF60311DF4FEB300F8CCD8 /* Info.plist */,
				A1BF60201DF4FEB300F8CCD8 /* Supporting Files */,
			);
			path = "EX-RAC-DEMO";
			sourceTree = "<group>";
		};
		A1BF60201DF4FEB300F8CCD8 /* Supporting Files */ = {
			isa = PBXGroup;
			children = (
				A1BF60211DF4FEB300F8CCD8 /* main.m */,
			);
			name = "Supporting Files";
			sourceTree = "<group>";
		};
		A1BF60371DF4FF5000F8CCD8 /* 链式编程 */ = {
			isa = PBXGroup;
			children = (
			);
			path = "链式编程";
			sourceTree = "<group>";
		};
		A1BF60381DF4FF5000F8CCD8 /* 函数式编程 */ = {
			isa = PBXGroup;
			children = (
			);
			path = "函数式编程";
			sourceTree = "<group>";
		};
		A1BF60481DF53E1300F8CCD8 /* 响应式编程 */ = {
			isa = PBXGroup;
			children = (
			);
			path = "响应式编程";
			sourceTree = "<group>";
		};
		A1EA93EF1E97C610000DCBCE /* 函数式和链式 */ = {
			isa = PBXGroup;
			children = (
				A1EA93F01E97C623000DCBCE /* Robot.h */,
				A1EA93F11E97C623000DCBCE /* Robot.m */,
			);
			path = "函数式和链式";
			sourceTree = "<group>";
		};
		A7455E8D1E1012F200C1E268 /* 函数式到链式 */ = {
			isa = PBXGroup;
			children = (
			);
			path = "函数式到链式";
			sourceTree = "<group>";
		};
		A7455E921E1014AD00C1E268 /* block和C函数 */ = {
			isa = PBXGroup;
			children = (
			);
			path = "block和C函数";
			sourceTree = "<group>";
		};
/* End PBXGroup section */

/* Begin PBXNativeTarget section */
		A1BF601C1DF4FEB200F8CCD8 /* EX-RAC-DEMO */ = {
			isa = PBXNativeTarget;
			buildConfigurationList = A1BF60341DF4FEB300F8CCD8 /* Build configuration list for PBXNativeTarget "EX-RAC-DEMO" */;
			buildPhases = (
				A1BF60191DF4FEB200F8CCD8 /* Sources */,
				A1BF601A1DF4FEB200F8CCD8 /* Frameworks */,
				A1BF601B1DF4FEB200F8CCD8 /* Resources */,
			);
			buildRules = (
			);
			dependencies = (
			);
			name = "EX-RAC-DEMO";
			productName = "EX-RAC-DEMO";
			productReference = A1BF601D1DF4FEB300F8CCD8 /* EX-RAC-DEMO.app */;
			productType = "com.apple.product-type.application";
		};
/* End PBXNativeTarget section */

/* Begin PBXProject section */
		A1BF60151DF4FEB200F8CCD8 /* Project object */ = {
			isa = PBXProject;
			attributes = {
				LastUpgradeCheck = 0810;
				ORGANIZATIONNAME = amoby;
				TargetAttributes = {
					A1BF601C1DF4FEB200F8CCD8 = {
						CreatedOnToolsVersion = 8.1;
						ProvisioningStyle = Automatic;
					};
				};
			};
			buildConfigurationList = A1BF60181DF4FEB200F8CCD8 /* Build configuration list for PBXProject "EX-RAC-DEMO" */;
			compatibilityVersion = "Xcode 3.2";
			developmentRegion = English;
			hasScannedForEncodings = 0;
			knownRegions = (
				en,
				Base,
			);
			mainGroup = A1BF60141DF4FEB200F8CCD8;
			productRefGroup = A1BF601E1DF4FEB300F8CCD8 /* Products */;
			projectDirPath = "";
			projectRoot = "";
			targets = (
				A1BF601C1DF4FEB200F8CCD8 /* EX-RAC-DEMO */,
			);
		};
/* End PBXProject section */

/* Begin PBXResourcesBuildPhase section */
		A1BF601B1DF4FEB200F8CCD8 /* Resources */ = {
			isa = PBXResourcesBuildPhase;
			buildActionMask = 2147483647;
			files = (
				A1BF60301DF4FEB300F8CCD8 /* LaunchScreen.storyboard in Resources */,
				A1BF602D1DF4FEB300F8CCD8 /* Assets.xcassets in Resources */,
				A1BF602B1DF4FEB300F8CCD8 /* Main.storyboard in Resources */,
			);
			runOnlyForDeploymentPostprocessing = 0;
		};
/* End PBXResourcesBuildPhase section */

/* Begin PBXSourcesBuildPhase section */
		A1BF60191DF4FEB200F8CCD8 /* Sources */ = {
			isa = PBXSourcesBuildPhase;
			buildActionMask = 2147483647;
			files = (
				A1BF60281DF4FEB300F8CCD8 /* ViewController.m in Sources */,
				A1BF60251DF4FEB300F8CCD8 /* AppDelegate.m in Sources */,
				A1BF604B1DF53FF200F8CCD8 /* ResponseModel.m in Sources */,
				A1BF60471DF51A5000F8CCD8 /* Person.m in Sources */,
				A7455E901E1012F200C1E268 /* Animal.m in Sources */,
				A1BF60441DF505CE00F8CCD8 /* Calculator.m in Sources */,
				A1EA93F21E97C623000DCBCE /* Robot.m in Sources */,
				A1BF60221DF4FEB300F8CCD8 /* main.m in Sources */,
				A7455E951E1014E400C1E268 /* BlockAndCFunc.m in Sources */,
			);
			runOnlyForDeploymentPostprocessing = 0;
		};
/* End PBXSourcesBuildPhase section */

/* Begin PBXVariantGroup section */
		A1BF60291DF4FEB300F8CCD8 /* Main.storyboard */ = {
			isa = PBXVariantGroup;
			children = (
				A1BF602A1DF4FEB300F8CCD8 /* Base */,
			);
			name = Main.storyboard;
			sourceTree = "<group>";
		};
		A1BF602E1DF4FEB300F8CCD8 /* LaunchScreen.storyboard */ = {
			isa = PBXVariantGroup;
			children = (
				A1BF602F1DF4FEB300F8CCD8 /* Base */,
			);
			name = LaunchScreen.storyboard;
			sourceTree = "<group>";
		};
/* End PBXVariantGroup section */

/* Begin XCBuildConfiguration section */
		A1BF60321DF4FEB300F8CCD8 /* Debug */ = {
			isa = XCBuildConfiguration;
			buildSettings = {
				ALWAYS_SEARCH_USER_PATHS = NO;
				CLANG_ANALYZER_NONNULL = YES;
				CLANG_CXX_LANGUAGE_STANDARD = "gnu++0x";
				CLANG_CXX_LIBRARY = "libc++";
				CLANG_ENABLE_MODULES = YES;
				CLANG_ENABLE_OBJC_ARC = YES;
				CLANG_WARN_BOOL_CONVERSION = YES;
				CLANG_WARN_CONSTANT_CONVERSION = YES;
				CLANG_WARN_DIRECT_OBJC_ISA_USAGE = YES_ERROR;
				CLANG_WARN_DOCUMENTATION_COMMENTS = YES;
				CLANG_WARN_EMPTY_BODY = YES;
				CLANG_WARN_ENUM_CONVERSION = YES;
				CLANG_WARN_INFINITE_RECURSION = YES;
				CLANG_WARN_INT_CONVERSION = YES;
				CLANG_WARN_OBJC_ROOT_CLASS = YES_ERROR;
				CLANG_WARN_SUSPICIOUS_MOVES = YES;
				CLANG_WARN_UNREACHABLE_CODE = YES;
				CLANG_WARN__DUPLICATE_METHOD_MATCH = YES;
				"CODE_SIGN_IDENTITY[sdk=iphoneos*]" = "iPhone Developer";
				COPY_PHASE_STRIP = NO;
				DEBUG_INFORMATION_FORMAT = dwarf;
				ENABLE_STRICT_OBJC_MSGSEND = YES;
				ENABLE_TESTABILITY = YES;
				GCC_C_LANGUAGE_STANDARD = gnu99;
				GCC_DYNAMIC_NO_PIC = NO;
				GCC_NO_COMMON_BLOCKS = YES;
				GCC_OPTIMIZATION_LEVEL = 0;
				GCC_PREPROCESSOR_DEFINITIONS = (
					"DEBUG=1",
					"$(inherited)",
				);
				GCC_WARN_64_TO_32_BIT_CONVERSION = YES;
				GCC_WARN_ABOUT_RETURN_TYPE = YES_ERROR;
				GCC_WARN_UNDECLARED_SELECTOR = YES;
				GCC_WARN_UNINITIALIZED_AUTOS = YES_AGGRESSIVE;
				GCC_WARN_UNUSED_FUNCTION = YES;
				GCC_WARN_UNUSED_VARIABLE = YES;
				IPHONEOS_DEPLOYMENT_TARGET = 10.1;
				MTL_ENABLE_DEBUG_INFO = YES;
				ONLY_ACTIVE_ARCH = YES;
				SDKROOT = iphoneos;
			};
			name = Debug;
		};
		A1BF60331DF4FEB300F8CCD8 /* Release */ = {
			isa = XCBuildConfiguration;
			buildSettings = {
				ALWAYS_SEARCH_USER_PATHS = NO;
				CLANG_ANALYZER_NONNULL = YES;
				CLANG_CXX_LANGUAGE_STANDARD = "gnu++0x";
				CLANG_CXX_LIBRARY = "libc++";
				CLANG_ENABLE_MODULES = YES;
				CLANG_ENABLE_OBJC_ARC = YES;
				CLANG_WARN_BOOL_CONVERSION = YES;
				CLANG_WARN_CONSTANT_CONVERSION = YES;
				CLANG_WARN_DIRECT_OBJC_ISA_USAGE = YES_ERROR;
				CLANG_WARN_DOCUMENTATION_COMMENTS = YES;
				CLANG_WARN_EMPTY_BODY = YES;
				CLANG_WARN_ENUM_CONVERSION = YES;
				CLANG_WARN_INFINITE_RECURSION = YES;
				CLANG_WARN_INT_CONVERSION = YES;
				CLANG_WARN_OBJC_ROOT_CLASS = YES_ERROR;
				CLANG_WARN_SUSPICIOUS_MOVES = YES;
				CLANG_WARN_UNREACHABLE_CODE = YES;
				CLANG_WARN__DUPLICATE_METHOD_MATCH = YES;
				"CODE_SIGN_IDENTITY[sdk=iphoneos*]" = "iPhone Developer";
				COPY_PHASE_STRIP = NO;
				DEBUG_INFORMATION_FORMAT = "dwarf-with-dsym";
				ENABLE_NS_ASSERTIONS = NO;
				ENABLE_STRICT_OBJC_MSGSEND = YES;
				GCC_C_LANGUAGE_STANDARD = gnu99;
				GCC_NO_COMMON_BLOCKS = YES;
				GCC_WARN_64_TO_32_BIT_CONVERSION = YES;
				GCC_WARN_ABOUT_RETURN_TYPE = YES_ERROR;
				GCC_WARN_UNDECLARED_SELECTOR = YES;
				GCC_WARN_UNINITIALIZED_AUTOS = YES_AGGRESSIVE;
				GCC_WARN_UNUSED_FUNCTION = YES;
				GCC_WARN_UNUSED_VARIABLE = YES;
				IPHONEOS_DEPLOYMENT_TARGET = 10.1;
				MTL_ENABLE_DEBUG_INFO = NO;
				SDKROOT = iphoneos;
				VALIDATE_PRODUCT = YES;
			};
			name = Release;
		};
		A1BF60351DF4FEB300F8CCD8 /* Debug */ = {
			isa = XCBuildConfiguration;
			buildSettings = {
				ASSETCATALOG_COMPILER_APPICON_NAME = AppIcon;
				INFOPLIST_FILE = "EX-RAC-DEMO/Info.plist";
				LD_RUNPATH_SEARCH_PATHS = "$(inherited) @executable_path/Frameworks";
				PRODUCT_BUNDLE_IDENTIFIER = "com.amoby.EX-RAC-DEMO";
				PRODUCT_NAME = "$(TARGET_NAME)";
			};
			name = Debug;
		};
		A1BF60361DF4FEB300F8CCD8 /* Release */ = {
			isa = XCBuildConfiguration;
			buildSettings = {
				ASSETCATALOG_COMPILER_APPICON_NAME = AppIcon;
				INFOPLIST_FILE = "EX-RAC-DEMO/Info.plist";
				LD_RUNPATH_SEARCH_PATHS = "$(inherited) @executable_path/Frameworks";
				PRODUCT_BUNDLE_IDENTIFIER = "com.amoby.EX-RAC-DEMO";
				PRODUCT_NAME = "$(TARGET_NAME)";
			};
			name = Release;
		};
/* End XCBuildConfiguration section */

/* Begin XCConfigurationList section */
		A1BF60181DF4FEB200F8CCD8 /* Build configuration list for PBXProject "EX-RAC-DEMO" */ = {
			isa = XCConfigurationList;
			buildConfigurations = (
				A1BF60321DF4FEB300F8CCD8 /* Debug */,
				A1BF60331DF4FEB300F8CCD8 /* Release */,
			);
			defaultConfigurationIsVisible = 0;
			defaultConfigurationName = Release;
		};
		A1BF60341DF4FEB300F8CCD8 /* Build configuration list for PBXNativeTarget "EX-RAC-DEMO" */ = {
			isa = XCConfigurationList;
			buildConfigurations = (
				A1BF60351DF4FEB300F8CCD8 /* Debug */,
				A1BF60361DF4FEB300F8CCD8 /* Release */,
			);
			defaultConfigurationIsVisible = 0;
			defaultConfigurationName = Release;
		};
/* End XCConfigurationList section */
	};
	rootObject = A1BF60151DF4FEB200F8CCD8 /* Project object */;
}
